
Microsoft Visual Studio Solution File, Format Version 12.00
Project("{FAE04EC0-301F-11D3-BF4B-00C04F79EFBC}") = "MyPomodoro", "MyPomodoro.csproj", "{7A2DDD4E-C4A3-4FCE-8963-D39A6CE8A579}"
EndProject
Global
	GlobalSection(SolutionConfigurationPlatforms) = preSolution
		Debug|Any CPU = Debug|Any CPU
		Release|Any CPU = Release|Any CPU
	EndGlobalSection
	GlobalSection(ProjectConfigurationPlatforms) = postSolution
		{7A2DDD4E-C4A3-4FCE-8963-D39A6CE8A579}.Debug|Any CPU.ActiveCfg = Debug|Any CPU
		{7A2DDD4E-C4A3-4FCE-8963-D39A6CE8A579}.Debug|Any CPU.Build.0 = Debug|Any CPU
		{7A2DDD4E-C4A3-4FCE-8963-D39A6CE8A579}.Release|Any CPU.ActiveCfg = Release|Any CPU
		{7A2DDD4E-C4A3-4FCE-8963-D39A6CE8A579}.Release|Any CPU.Build.0 = Release|Any CPU
	EndGlobalSection
EndGlobal
